
Microsoft Visual Studio Solution File, Format Version 12.00
# Visual Studio Version 17
VisualStudioVersion = 17.6.33723.286
MinimumVisualStudioVersion = 10.0.40219.1
Project("{9A19103F-16F7-4668-BE54-9A1E7A4F7556}") = "TaskSoliq", "TaskSoliq\TaskSoliq.csproj", "{6CC2AD6E-AB9B-4013-A967-96675266A9B1}"
EndProject
Project("{E53339B2-1760-4266-BCC7-CA923CBCF16C}") = "docker-compose", "docker-compose.dcproj", "{52AE58A8-B833-4D42-AE02-21D5F13DBC80}"
EndProject
Global
	GlobalSection(SolutionConfigurationPlatforms) = preSolution
		Debug|Any CPU = Debug|Any CPU
		Release|Any CPU = Release|Any CPU
	EndGlobalSection
	GlobalSection(ProjectConfigurationPlatforms) = postSolution
		{6CC2AD6E-AB9B-4013-A967-96675266A9B1}.Debug|Any CPU.ActiveCfg = Debug|Any CPU
		{6CC2AD6E-AB9B-4013-A967-96675266A9B1}.Debug|Any CPU.Build.0 = Debug|Any CPU
		{6CC2AD6E-AB9B-4013-A967-96675266A9B1}.Release|Any CPU.ActiveCfg = Release|Any CPU
		{6CC2AD6E-AB9B-4013-A967-96675266A9B1}.Release|Any CPU.Build.0 = Release|Any CPU
		{52AE58A8-B833-4D42-AE02-21D5F13DBC80}.Debug|Any CPU.ActiveCfg = Debug|Any CPU
		{52AE58A8-B833-4D42-AE02-21D5F13DBC80}.Debug|Any CPU.Build.0 = Debug|Any CPU
		{52AE58A8-B833-4D42-AE02-21D5F13DBC80}.Release|Any CPU.ActiveCfg = Release|Any CPU
		{52AE58A8-B833-4D42-AE02-21D5F13DBC80}.Release|Any CPU.Build.0 = Release|Any CPU
	EndGlobalSection
	GlobalSection(SolutionProperties) = preSolution
		HideSolutionNode = FALSE
	EndGlobalSection
	GlobalSection(ExtensibilityGlobals) = postSolution
		SolutionGuid = {4F0EF699-D7E6-4644-8ABC-A1865BE609CE}
	EndGlobalSection
EndGlobal
